// !$*UTF8*$!
{
	archiveVersion = 1;
	classes = {
	};
	objectVersion = 50;
	objects = {

/* Begin PBXBuildFile section */
		169BD44196E8050CEC7A05CF /* Import.swift in Sources */ = {isa = PBXBuildFile; fileRef = B9880875D21D9A2C8BE52E7A /* Import.swift */; };
		3EEDBFD0CE51615A49A187C6 /* ModuleD.framework in Dependencies */ = {isa = PBXBuildFile; fileRef = 0B12B426758D78F9E12F6678 /* ModuleD.framework */; };
		447FE70AEDEFE8316C9DAC4D /* ModuleD.framework in Frameworks */ = {isa = PBXBuildFile; fileRef = 0B12B426758D78F9E12F6678 /* ModuleD.framework */; };
		56EFC0163677A0CDC41314C9 /* ModuleC.framework in Frameworks */ = {isa = PBXBuildFile; fileRef = 8A76226026BAE6BF8EB7FEBC /* ModuleC.framework */; };
		6CD20BACDEE319A846CB4EE9 /* exportedExampleKitTests.swift in Sources */ = {isa = PBXBuildFile; fileRef = 3F88FE43B0914025134F68DB /* exportedExampleKitTests.swift */; };
		B9E85C6C25F3320375DD0F3C /* ModuleG.framework in Frameworks */ = {isa = PBXBuildFile; fileRef = 59D841CD36CE22765B9DB1BC /* ModuleG.framework */; };
		BDED0259600F691CABF9C89A /* ModuleCClass.swift in Sources */ = {isa = PBXBuildFile; fileRef = DDCEC6BF8CB261BC433D1AE9 /* ModuleCClass.swift */; };
		BF61F29F37092589217F3D3F /* ModuleH.framework in Frameworks */ = {isa = PBXBuildFile; fileRef = 0351EFF1BB06C93E260D102E /* ModuleH.framework */; };
		DB647FFBCE8876E06EC5A8AC /* ModuleF.framework in Frameworks */ = {isa = PBXBuildFile; fileRef = E7D52BA620E4F7446F441EBA /* ModuleF.framework */; };
		E88D7CEE0EF4C8ABB8013B12 /* ModuleE.framework in Frameworks */ = {isa = PBXBuildFile; fileRef = F6EA3D60E57A1D323F9BD77B /* ModuleE.framework */; };
/* End PBXBuildFile section */

/* Begin PBXContainerItemProxy section */
		92E85C18B23D2C0A7C1CFDFA /* PBXContainerItemProxy */ = {
			isa = PBXContainerItemProxy;
			containerPortal = 238F0DC511BACA6A7418ED31 /* Project object */;
			proxyType = 1;
			remoteGlobalIDString = 7E61D0FD7CBA33DF16CB8B28;
			remoteInfo = ModuleC;
		};
/* End PBXContainerItemProxy section */

/* Begin PBXCopyFilesBuildPhase section */
		81C25FEE208EDA02B6CFC14B /* Embed Frameworks */ = {
			isa = PBXCopyFilesBuildPhase;
			buildActionMask = 2147483647;
			dstSubfolderSpec = 10;
			files = (
			);
			name = "Embed Frameworks";
			runOnlyForDeploymentPostprocessing = 0;
		};
		AFDDC1F192608FB12EE6F08A /* Dependencies */ = {
			isa = PBXCopyFilesBuildPhase;
			buildActionMask = 8;
			dstSubfolderSpec = 16;
			files = (
				3EEDBFD0CE51615A49A187C6 /* ModuleD.framework in Dependencies */,
			);
			name = Dependencies;
			runOnlyForDeploymentPostprocessing = 1;
		};
		B9B0DBAF85C61C5999C545FA /* Embed Frameworks */ = {
			isa = PBXCopyFilesBuildPhase;
			buildActionMask = 2147483647;
			dstSubfolderSpec = 10;
			files = (
			);
			name = "Embed Frameworks";
			runOnlyForDeploymentPostprocessing = 0;
		};
/* End PBXCopyFilesBuildPhase section */

/* Begin PBXFileReference section */
		0351EFF1BB06C93E260D102E /* ModuleH.framework */ = {isa = PBXFileReference; explicitFileType = wrapper.framework; includeInIndex = 0; path = ModuleH.framework; sourceTree = BUILT_PRODUCTS_DIR; };
		0B12B426758D78F9E12F6678 /* ModuleD.framework */ = {isa = PBXFileReference; explicitFileType = wrapper.framework; includeInIndex = 0; path = ModuleD.framework; sourceTree = BUILT_PRODUCTS_DIR; };
		3F88FE43B0914025134F68DB /* exportedExampleKitTests.swift */ = {isa = PBXFileReference; lastKnownFileType = sourcecode.swift; path = exportedExampleKitTests.swift; sourceTree = "<group>"; };
		59D841CD36CE22765B9DB1BC /* ModuleG.framework */ = {isa = PBXFileReference; explicitFileType = wrapper.framework; includeInIndex = 0; path = ModuleG.framework; sourceTree = BUILT_PRODUCTS_DIR; };
		658EF43051F6A65139F64548 /* ModuleCTests.plist */ = {isa = PBXFileReference; lastKnownFileType = text.plist; path = ModuleCTests.plist; sourceTree = "<group>"; };
		8A76226026BAE6BF8EB7FEBC /* ModuleC.framework */ = {isa = PBXFileReference; explicitFileType = wrapper.framework; includeInIndex = 0; path = ModuleC.framework; sourceTree = BUILT_PRODUCTS_DIR; };
		8DF63F2003DC92D74449C487 /* ModuleC.plist */ = {isa = PBXFileReference; lastKnownFileType = text.plist; path = ModuleC.plist; sourceTree = "<group>"; };
		A1A7C3A9F93713B524247D5C /* ModuleCTests.xctest */ = {isa = PBXFileReference; explicitFileType = wrapper.cfbundle; includeInIndex = 0; path = ModuleCTests.xctest; sourceTree = BUILT_PRODUCTS_DIR; };
		B9880875D21D9A2C8BE52E7A /* Import.swift */ = {isa = PBXFileReference; lastKnownFileType = sourcecode.swift; path = Import.swift; sourceTree = "<group>"; };
		DDCEC6BF8CB261BC433D1AE9 /* ModuleCClass.swift */ = {isa = PBXFileReference; lastKnownFileType = sourcecode.swift; path = ModuleCClass.swift; sourceTree = "<group>"; };
		E7D52BA620E4F7446F441EBA /* ModuleF.framework */ = {isa = PBXFileReference; explicitFileType = wrapper.framework; includeInIndex = 0; path = ModuleF.framework; sourceTree = BUILT_PRODUCTS_DIR; };
		F6EA3D60E57A1D323F9BD77B /* ModuleE.framework */ = {isa = PBXFileReference; explicitFileType = wrapper.framework; includeInIndex = 0; path = ModuleE.framework; sourceTree = BUILT_PRODUCTS_DIR; };
/* End PBXFileReference section */

/* Begin PBXFrameworksBuildPhase section */
		7B2469A991BD058D71584972 /* Frameworks */ = {
			isa = PBXFrameworksBuildPhase;
			buildActionMask = 2147483647;
			files = (
				56EFC0163677A0CDC41314C9 /* ModuleC.framework in Frameworks */,
				447FE70AEDEFE8316C9DAC4D /* ModuleD.framework in Frameworks */,
				E88D7CEE0EF4C8ABB8013B12 /* ModuleE.framework in Frameworks */,
				DB647FFBCE8876E06EC5A8AC /* ModuleF.framework in Frameworks */,
				B9E85C6C25F3320375DD0F3C /* ModuleG.framework in Frameworks */,
				BF61F29F37092589217F3D3F /* ModuleH.framework in Frameworks */,
			);
			runOnlyForDeploymentPostprocessing = 0;
		};
		94268F4354C53FA4EE07C841 /* Frameworks */ = {
			isa = PBXFrameworksBuildPhase;
			buildActionMask = 2147483647;
			files = (
			);
			runOnlyForDeploymentPostprocessing = 0;
		};
/* End PBXFrameworksBuildPhase section */

/* Begin PBXGroup section */
		0429BEFEF1EC9C669ACAE7B1 /* Products */ = {
			isa = PBXGroup;
			children = (
				8A76226026BAE6BF8EB7FEBC /* ModuleC.framework */,
				A1A7C3A9F93713B524247D5C /* ModuleCTests.xctest */,
				0B12B426758D78F9E12F6678 /* ModuleD.framework */,
				F6EA3D60E57A1D323F9BD77B /* ModuleE.framework */,
				E7D52BA620E4F7446F441EBA /* ModuleF.framework */,
				59D841CD36CE22765B9DB1BC /* ModuleG.framework */,
				0351EFF1BB06C93E260D102E /* ModuleH.framework */,
			);
			name = Products;
			sourceTree = "<group>";
		};
		0694C1BB236195684F7EACFD /* Derived */ = {
			isa = PBXGroup;
			children = (
				7FE894DA47F49FAB934CD687 /* InfoPlists */,
			);
			path = Derived;
			sourceTree = "<group>";
		};
		2DD0A2E8A010E28A4844C890 /* Project */ = {
			isa = PBXGroup;
			children = (
				0694C1BB236195684F7EACFD /* Derived */,
				498669F1566AACC0FAC775BE /* Sources */,
				6A5DB302E088060FD605DBC7 /* Tests */,
			);
			name = Project;
			sourceTree = "<group>";
		};
		498669F1566AACC0FAC775BE /* Sources */ = {
			isa = PBXGroup;
			children = (
				B9880875D21D9A2C8BE52E7A /* Import.swift */,
				DDCEC6BF8CB261BC433D1AE9 /* ModuleCClass.swift */,
			);
			path = Sources;
			sourceTree = "<group>";
		};
		5B07D9DA5D433BFC5C957CC3 /* Frameworks */ = {
			isa = PBXGroup;
			children = (
			);
			name = Frameworks;
			sourceTree = "<group>";
		};
		6A5DB302E088060FD605DBC7 /* Tests */ = {
			isa = PBXGroup;
			children = (
				3F88FE43B0914025134F68DB /* exportedExampleKitTests.swift */,
			);
			path = Tests;
			sourceTree = "<group>";
		};
		7FE894DA47F49FAB934CD687 /* InfoPlists */ = {
			isa = PBXGroup;
			children = (
				8DF63F2003DC92D74449C487 /* ModuleC.plist */,
				658EF43051F6A65139F64548 /* ModuleCTests.plist */,
			);
			path = InfoPlists;
			sourceTree = "<group>";
		};
		83B2AAE9C7137F916F8CF200 = {
			isa = PBXGroup;
			children = (
				2DD0A2E8A010E28A4844C890 /* Project */,
				5B07D9DA5D433BFC5C957CC3 /* Frameworks */,
				0429BEFEF1EC9C669ACAE7B1 /* Products */,
			);
			sourceTree = "<group>";
		};
/* End PBXGroup section */

/* Begin PBXNativeTarget section */
		7E61D0FD7CBA33DF16CB8B28 /* ModuleC */ = {
			isa = PBXNativeTarget;
			buildConfigurationList = 30536A139EF6D3E8BD397EF3 /* Build configuration list for PBXNativeTarget "ModuleC" */;
			buildPhases = (
				295A7D6D844ECC862DBDF7DA /* Sources */,
				24D284186451345603811969 /* Resources */,
				0CA5C9AAD019329C5DAA557D /* Embed Precompiled Frameworks */,
				B9B0DBAF85C61C5999C545FA /* Embed Frameworks */,
				94268F4354C53FA4EE07C841 /* Frameworks */,
				AFDDC1F192608FB12EE6F08A /* Dependencies */,
			);
			buildRules = (
			);
			dependencies = (
			);
			name = ModuleC;
			productName = ModuleC;
			productReference = 8A76226026BAE6BF8EB7FEBC /* ModuleC.framework */;
			productType = "com.apple.product-type.framework";
		};
		FDB4F0F1BED2CB7FBF357275 /* ModuleCTests */ = {
			isa = PBXNativeTarget;
			buildConfigurationList = BD3D8FF2BF141B5DBBFAFD48 /* Build configuration list for PBXNativeTarget "ModuleCTests" */;
			buildPhases = (
				3D1028ABF8C27006B1785937 /* Sources */,
				142EE547E427413845FB60EF /* Resources */,
				1377750B01DCAED7CBC87148 /* Embed Precompiled Frameworks */,
				81C25FEE208EDA02B6CFC14B /* Embed Frameworks */,
				7B2469A991BD058D71584972 /* Frameworks */,
			);
			buildRules = (
			);
			dependencies = (
				6A60E049F01F35CE32C439D5 /* PBXTargetDependency */,
			);
			name = ModuleCTests;
			productName = ModuleCTests;
			productReference = A1A7C3A9F93713B524247D5C /* ModuleCTests.xctest */;
			productType = "com.apple.product-type.bundle.unit-test";
		};
/* End PBXNativeTarget section */

/* Begin PBXProject section */
		238F0DC511BACA6A7418ED31 /* Project object */ = {
			isa = PBXProject;
			attributes = {
				TargetAttributes = {
				};
			};
			buildConfigurationList = 21CF166E8B80478BBEEA2E2D /* Build configuration list for PBXProject "ModuleC" */;
			compatibilityVersion = "Xcode 9.3";
			developmentRegion = en;
			hasScannedForEncodings = 0;
			knownRegions = (
				Base,
				en,
			);
			mainGroup = 83B2AAE9C7137F916F8CF200;
			productRefGroup = 0429BEFEF1EC9C669ACAE7B1 /* Products */;
			projectDirPath = "";
			projectRoot = "";
			targets = (
				7E61D0FD7CBA33DF16CB8B28 /* ModuleC */,
				FDB4F0F1BED2CB7FBF357275 /* ModuleCTests */,
			);
		};
/* End PBXProject section */

/* Begin PBXResourcesBuildPhase section */
		142EE547E427413845FB60EF /* Resources */ = {
			isa = PBXResourcesBuildPhase;
			buildActionMask = 2147483647;
			files = (
			);
			runOnlyForDeploymentPostprocessing = 0;
		};
		24D284186451345603811969 /* Resources */ = {
			isa = PBXResourcesBuildPhase;
			buildActionMask = 2147483647;
			files = (
			);
			runOnlyForDeploymentPostprocessing = 0;
		};
/* End PBXResourcesBuildPhase section */

/* Begin PBXShellScriptBuildPhase section */
		0CA5C9AAD019329C5DAA557D /* Embed Precompiled Frameworks */ = {
			isa = PBXShellScriptBuildPhase;
			buildActionMask = 2147483647;
			files = (
			);
			inputPaths = (
			);
			name = "Embed Precompiled Frameworks";
			outputPaths = (
			);
			runOnlyForDeploymentPostprocessing = 0;
			shellPath = /bin/sh;
			shellScript = "echo \"Skipping, nothing to be embedded.\"";
		};
		1377750B01DCAED7CBC87148 /* Embed Precompiled Frameworks */ = {
			isa = PBXShellScriptBuildPhase;
			buildActionMask = 2147483647;
			files = (
			);
			inputPaths = (
			);
			name = "Embed Precompiled Frameworks";
			outputPaths = (
			);
			runOnlyForDeploymentPostprocessing = 0;
			shellPath = /bin/sh;
			shellScript = "echo \"Skipping, nothing to be embedded.\"";
		};
/* End PBXShellScriptBuildPhase section */

/* Begin PBXSourcesBuildPhase section */
		295A7D6D844ECC862DBDF7DA /* Sources */ = {
			isa = PBXSourcesBuildPhase;
			buildActionMask = 2147483647;
			files = (
				169BD44196E8050CEC7A05CF /* Import.swift in Sources */,
				BDED0259600F691CABF9C89A /* ModuleCClass.swift in Sources */,
			);
			runOnlyForDeploymentPostprocessing = 0;
		};
		3D1028ABF8C27006B1785937 /* Sources */ = {
			isa = PBXSourcesBuildPhase;
			buildActionMask = 2147483647;
			files = (
				6CD20BACDEE319A846CB4EE9 /* exportedExampleKitTests.swift in Sources */,
			);
			runOnlyForDeploymentPostprocessing = 0;
		};
/* End PBXSourcesBuildPhase section */

/* Begin PBXTargetDependency section */
		6A60E049F01F35CE32C439D5 /* PBXTargetDependency */ = {
			isa = PBXTargetDependency;
			name = ModuleC;
			target = 7E61D0FD7CBA33DF16CB8B28 /* ModuleC */;
			targetProxy = 92E85C18B23D2C0A7C1CFDFA /* PBXContainerItemProxy */;
		};
/* End PBXTargetDependency section */

/* Begin XCBuildConfiguration section */
		03312A5A0AB4ED21FA92F1C2 /* Release */ = {
			isa = XCBuildConfiguration;
			buildSettings = {
				CODE_SIGN_IDENTITY = "iPhone Developer";
				INFOPLIST_FILE = Derived/InfoPlists/ModuleCTests.plist;
				LD_RUNPATH_SEARCH_PATHS = (
					"$(inherited)",
					"@executable_path/Frameworks",
					"@loader_path/Frameworks",
				);
				PRODUCT_BUNDLE_IDENTIFIER = kr.minsone.ModuleCTests;
				PRODUCT_NAME = ModuleCTests;
				SDKROOT = iphoneos;
				SUPPORTED_PLATFORMS = "iphonesimulator iphoneos";
				SWIFT_COMPILATION_MODE = wholemodule;
				SWIFT_OPTIMIZATION_LEVEL = "-Owholemodule";
				SWIFT_VERSION = 5.2;
				TARGETED_DEVICE_FAMILY = "1,2";
			};
			name = Release;
		};
		18034FBC7EC91BDE9B6F43A0 /* Release */ = {
			isa = XCBuildConfiguration;
			buildSettings = {
				ALWAYS_SEARCH_USER_PATHS = NO;
				CLANG_ANALYZER_NONNULL = YES;
				CLANG_ANALYZER_NUMBER_OBJECT_CONVERSION = YES_AGGRESSIVE;
				CLANG_CXX_LANGUAGE_STANDARD = "gnu++14";
				CLANG_CXX_LIBRARY = "libc++";
				CLANG_ENABLE_MODULES = YES;
				CLANG_ENABLE_OBJC_ARC = YES;
				CLANG_ENABLE_OBJC_WEAK = YES;
				CLANG_WARN_BLOCK_CAPTURE_AUTORELEASING = YES;
				CLANG_WARN_BOOL_CONVERSION = YES;
				CLANG_WARN_COMMA = YES;
				CLANG_WARN_CONSTANT_CONVERSION = YES;
				CLANG_WARN_DEPRECATED_OBJC_IMPLEMENTATIONS = YES;
				CLANG_WARN_DIRECT_OBJC_ISA_USAGE = YES_ERROR;
				CLANG_WARN_DOCUMENTATION_COMMENTS = YES;
				CLANG_WARN_EMPTY_BODY = YES;
				CLANG_WARN_ENUM_CONVERSION = YES;
				CLANG_WARN_INFINITE_RECURSION = YES;
				CLANG_WARN_INT_CONVERSION = YES;
				CLANG_WARN_NON_LITERAL_NULL_CONVERSION = YES;
				CLANG_WARN_OBJC_IMPLICIT_RETAIN_SELF = YES;
				CLANG_WARN_OBJC_LITERAL_CONVERSION = YES;
				CLANG_WARN_OBJC_ROOT_CLASS = YES_ERROR;
				CLANG_WARN_RANGE_LOOP_ANALYSIS = YES;
				CLANG_WARN_STRICT_PROTOTYPES = YES;
				CLANG_WARN_SUSPICIOUS_MOVE = YES;
				CLANG_WARN_UNGUARDED_AVAILABILITY = YES_AGGRESSIVE;
				CLANG_WARN_UNREACHABLE_CODE = YES;
				CLANG_WARN__DUPLICATE_METHOD_MATCH = YES;
				COPY_PHASE_STRIP = NO;
				DEBUG_INFORMATION_FORMAT = "dwarf-with-dsym";
				ENABLE_NS_ASSERTIONS = NO;
				ENABLE_STRICT_OBJC_MSGSEND = YES;
				GCC_C_LANGUAGE_STANDARD = gnu11;
				GCC_NO_COMMON_BLOCKS = YES;
				GCC_WARN_64_TO_32_BIT_CONVERSION = YES;
				GCC_WARN_ABOUT_RETURN_TYPE = YES_ERROR;
				GCC_WARN_UNDECLARED_SELECTOR = YES;
				GCC_WARN_UNINITIALIZED_AUTOS = YES_AGGRESSIVE;
				GCC_WARN_UNUSED_FUNCTION = YES;
				GCC_WARN_UNUSED_VARIABLE = YES;
				MTL_ENABLE_DEBUG_INFO = NO;
				PRODUCT_NAME = "$(TARGET_NAME)";
				VALIDATE_PRODUCT = YES;
			};
			name = Release;
		};
		6E5DFD737E396BC3B2D8B904 /* Debug */ = {
			isa = XCBuildConfiguration;
			buildSettings = {
				CODE_SIGN_IDENTITY = "iPhone Developer";
				INFOPLIST_FILE = Derived/InfoPlists/ModuleCTests.plist;
				LD_RUNPATH_SEARCH_PATHS = (
					"$(inherited)",
					"@executable_path/Frameworks",
					"@loader_path/Frameworks",
				);
				PRODUCT_BUNDLE_IDENTIFIER = kr.minsone.ModuleCTests;
				PRODUCT_NAME = ModuleCTests;
				SDKROOT = iphoneos;
				SUPPORTED_PLATFORMS = "iphonesimulator iphoneos";
				SWIFT_ACTIVE_COMPILATION_CONDITIONS = DEBUG;
				SWIFT_COMPILATION_MODE = singlefile;
				SWIFT_OPTIMIZATION_LEVEL = "-Onone";
				SWIFT_VERSION = 5.2;
				TARGETED_DEVICE_FAMILY = "1,2";
			};
			name = Debug;
		};
		7FD01A6FFEC34D53337FDA94 /* Debug */ = {
			isa = XCBuildConfiguration;
			buildSettings = {
				ALWAYS_SEARCH_USER_PATHS = NO;
				CLANG_ANALYZER_NONNULL = YES;
				CLANG_ANALYZER_NUMBER_OBJECT_CONVERSION = YES_AGGRESSIVE;
				CLANG_CXX_LANGUAGE_STANDARD = "gnu++14";
				CLANG_CXX_LIBRARY = "libc++";
				CLANG_ENABLE_MODULES = YES;
				CLANG_ENABLE_OBJC_ARC = YES;
				CLANG_ENABLE_OBJC_WEAK = YES;
				CLANG_WARN_BLOCK_CAPTURE_AUTORELEASING = YES;
				CLANG_WARN_BOOL_CONVERSION = YES;
				CLANG_WARN_COMMA = YES;
				CLANG_WARN_CONSTANT_CONVERSION = YES;
				CLANG_WARN_DEPRECATED_OBJC_IMPLEMENTATIONS = YES;
				CLANG_WARN_DIRECT_OBJC_ISA_USAGE = YES_ERROR;
				CLANG_WARN_DOCUMENTATION_COMMENTS = YES;
				CLANG_WARN_EMPTY_BODY = YES;
				CLANG_WARN_ENUM_CONVERSION = YES;
				CLANG_WARN_INFINITE_RECURSION = YES;
				CLANG_WARN_INT_CONVERSION = YES;
				CLANG_WARN_NON_LITERAL_NULL_CONVERSION = YES;
				CLANG_WARN_OBJC_IMPLICIT_RETAIN_SELF = YES;
				CLANG_WARN_OBJC_LITERAL_CONVERSION = YES;
				CLANG_WARN_OBJC_ROOT_CLASS = YES_ERROR;
				CLANG_WARN_RANGE_LOOP_ANALYSIS = YES;
				CLANG_WARN_STRICT_PROTOTYPES = YES;
				CLANG_WARN_SUSPICIOUS_MOVE = YES;
				CLANG_WARN_UNGUARDED_AVAILABILITY = YES_AGGRESSIVE;
				CLANG_WARN_UNREACHABLE_CODE = YES;
				CLANG_WARN__DUPLICATE_METHOD_MATCH = YES;
				COPY_PHASE_STRIP = NO;
				DEBUG_INFORMATION_FORMAT = dwarf;
				ENABLE_STRICT_OBJC_MSGSEND = YES;
				ENABLE_TESTABILITY = YES;
				GCC_C_LANGUAGE_STANDARD = gnu11;
				GCC_DYNAMIC_NO_PIC = NO;
				GCC_NO_COMMON_BLOCKS = YES;
				GCC_OPTIMIZATION_LEVEL = 0;
				GCC_PREPROCESSOR_DEFINITIONS = (
					"DEBUG=1",
					"$(inherited)",
				);
				GCC_WARN_64_TO_32_BIT_CONVERSION = YES;
				GCC_WARN_ABOUT_RETURN_TYPE = YES_ERROR;
				GCC_WARN_UNDECLARED_SELECTOR = YES;
				GCC_WARN_UNINITIALIZED_AUTOS = YES_AGGRESSIVE;
				GCC_WARN_UNUSED_FUNCTION = YES;
				GCC_WARN_UNUSED_VARIABLE = YES;
				MTL_ENABLE_DEBUG_INFO = YES;
				ONLY_ACTIVE_ARCH = YES;
				PRODUCT_NAME = "$(TARGET_NAME)";
			};
			name = Debug;
		};
		883D67A0919E56FB8A7C0C1C /* Debug */ = {
			isa = XCBuildConfiguration;
			buildSettings = {
				CODE_SIGN_IDENTITY = "";
				CURRENT_PROJECT_VERSION = 1;
				DEFINES_MODULE = YES;
				DYLIB_COMPATIBILITY_VERSION = 1;
				DYLIB_CURRENT_VERSION = 1;
				DYLIB_INSTALL_NAME_BASE = "@rpath";
				INFOPLIST_FILE = Derived/InfoPlists/ModuleC.plist;
				INSTALL_PATH = "$(LOCAL_LIBRARY_DIR)/Frameworks";
				LD_RUNPATH_SEARCH_PATHS = (
					"$(inherited)",
					"@executable_path/Frameworks",
					"@loader_path/Frameworks",
				);
				MACH_O_TYPE = staticlib;
				PRODUCT_BUNDLE_IDENTIFIER = kr.minsone.ModuleC;
				PRODUCT_NAME = ModuleC;
				SDKROOT = iphoneos;
				SKIP_INSTALL = YES;
				SUPPORTED_PLATFORMS = "iphonesimulator iphoneos";
				SWIFT_ACTIVE_COMPILATION_CONDITIONS = DEBUG;
				SWIFT_COMPILATION_MODE = singlefile;
				SWIFT_OPTIMIZATION_LEVEL = "-Onone";
				SWIFT_VERSION = 5.2;
				TARGETED_DEVICE_FAMILY = "1,2";
				VERSIONING_SYSTEM = "apple-generic";
				VERSION_INFO_PREFIX = "";
			};
			name = Debug;
		};
		D7FAEAFF0C11A93AB418F518 /* Release */ = {
			isa = XCBuildConfiguration;
			buildSettings = {
				CODE_SIGN_IDENTITY = "";
				CURRENT_PROJECT_VERSION = 1;
				DEFINES_MODULE = YES;
				DYLIB_COMPATIBILITY_VERSION = 1;
				DYLIB_CURRENT_VERSION = 1;
				DYLIB_INSTALL_NAME_BASE = "@rpath";
				INFOPLIST_FILE = Derived/InfoPlists/ModuleC.plist;
				INSTALL_PATH = "$(LOCAL_LIBRARY_DIR)/Frameworks";
				LD_RUNPATH_SEARCH_PATHS = (
					"$(inherited)",
					"@executable_path/Frameworks",
					"@loader_path/Frameworks",
				);
				MACH_O_TYPE = staticlib;
				PRODUCT_BUNDLE_IDENTIFIER = kr.minsone.ModuleC;
				PRODUCT_NAME = ModuleC;
				SDKROOT = iphoneos;
				SKIP_INSTALL = YES;
				SUPPORTED_PLATFORMS = "iphonesimulator iphoneos";
				SWIFT_COMPILATION_MODE = wholemodule;
				SWIFT_OPTIMIZATION_LEVEL = "-Owholemodule";
				SWIFT_VERSION = 5.2;
				TARGETED_DEVICE_FAMILY = "1,2";
				VERSIONING_SYSTEM = "apple-generic";
				VERSION_INFO_PREFIX = "";
			};
			name = Release;
		};
/* End XCBuildConfiguration section */

/* Begin XCConfigurationList section */
		21CF166E8B80478BBEEA2E2D /* Build configuration list for PBXProject "ModuleC" */ = {
			isa = XCConfigurationList;
			buildConfigurations = (
				7FD01A6FFEC34D53337FDA94 /* Debug */,
				18034FBC7EC91BDE9B6F43A0 /* Release */,
			);
			defaultConfigurationIsVisible = 0;
			defaultConfigurationName = Release;
		};
		30536A139EF6D3E8BD397EF3 /* Build configuration list for PBXNativeTarget "ModuleC" */ = {
			isa = XCConfigurationList;
			buildConfigurations = (
				883D67A0919E56FB8A7C0C1C /* Debug */,
				D7FAEAFF0C11A93AB418F518 /* Release */,
			);
			defaultConfigurationIsVisible = 0;
			defaultConfigurationName = Release;
		};
		BD3D8FF2BF141B5DBBFAFD48 /* Build configuration list for PBXNativeTarget "ModuleCTests" */ = {
			isa = XCConfigurationList;
			buildConfigurations = (
				6E5DFD737E396BC3B2D8B904 /* Debug */,
				03312A5A0AB4ED21FA92F1C2 /* Release */,
			);
			defaultConfigurationIsVisible = 0;
			defaultConfigurationName = Release;
		};
/* End XCConfigurationList section */
	};
	rootObject = 238F0DC511BACA6A7418ED31 /* Project object */;
}
